
Microsoft Visual Studio Solution File, Format Version 12.00
# Visual Studio Version 17
VisualStudioVersion = 17.1.32210.238
MinimumVisualStudioVersion = 10.0.40219.1
Project("{FAE04EC0-301F-11D3-BF4B-00C04F79EFBC}") = "eTickets", "eTickets.csproj", "{FEA955B9-3996-44D0-B4E5-10040FF443DA}"
EndProject
Global
	GlobalSection(SolutionConfigurationPlatforms) = preSolution
		Debug|Any CPU = Debug|Any CPU
		Release|Any CPU = Release|Any CPU
	EndGlobalSection
	GlobalSection(ProjectConfigurationPlatforms) = postSolution
		{FEA955B9-3996-44D0-B4E5-10040FF443DA}.Debug|Any CPU.ActiveCfg = Debug|Any CPU
		{FEA955B9-3996-44D0-B4E5-10040FF443DA}.Debug|Any CPU.Build.0 = Debug|Any CPU
		{FEA955B9-3996-44D0-B4E5-10040FF443DA}.Release|Any CPU.ActiveCfg = Release|Any CPU
		{FEA955B9-3996-44D0-B4E5-10040FF443DA}.Release|Any CPU.Build.0 = Release|Any CPU
	EndGlobalSection
	GlobalSection(SolutionProperties) = preSolution
		HideSolutionNode = FALSE
	EndGlobalSection
	GlobalSection(ExtensibilityGlobals) = postSolution
		SolutionGuid = {44CCB411-D601-4752-B339-C1774960CE1C}
	EndGlobalSection
EndGlobal
